
Microsoft Visual Studio Solution File, Format Version 12.00
# Visual Studio Version 17
VisualStudioVersion = 17.3.32804.467
MinimumVisualStudioVersion = 10.0.40219.1
Project("{FAE04EC0-301F-11D3-BF4B-00C04F79EFBC}") = "Code_group3", "Code_group3.csproj", "{09E35363-9F69-49C2-B292-81FF8D341991}"
EndProject
Global
	GlobalSection(SolutionConfigurationPlatforms) = preSolution
		Debug|Any CPU = Debug|Any CPU
		Release|Any CPU = Release|Any CPU
	EndGlobalSection
	GlobalSection(ProjectConfigurationPlatforms) = postSolution
		{09E35363-9F69-49C2-B292-81FF8D341991}.Debug|Any CPU.ActiveCfg = Debug|Any CPU
		{09E35363-9F69-49C2-B292-81FF8D341991}.Debug|Any CPU.Build.0 = Debug|Any CPU
		{09E35363-9F69-49C2-B292-81FF8D341991}.Release|Any CPU.ActiveCfg = Release|Any CPU
		{09E35363-9F69-49C2-B292-81FF8D341991}.Release|Any CPU.Build.0 = Release|Any CPU
	EndGlobalSection
	GlobalSection(SolutionProperties) = preSolution
		HideSolutionNode = FALSE
	EndGlobalSection
	GlobalSection(ExtensibilityGlobals) = postSolution
		SolutionGuid = {8291707A-0578-4EAE-B700-B7EA46717684}
	EndGlobalSection
EndGlobal
